
Microsoft Visual Studio Solution File, Format Version 12.00
# Visual Studio Version 17
VisualStudioVersion = 17.0.31903.59
MinimumVisualStudioVersion = 10.0.40219.1
Project("{2150E333-8FDC-42A3-9474-1A3956D46DE8}") = "src", "src", "{827E0CD3-B72D-47B6-A68D-7590B98EB39B}"
EndProject
Project("{FAE04EC0-301F-11D3-BF4B-00C04F79EFBC}") = "Nexora.Agent", "src\Nexora.Agent\Nexora.Agent.csproj", "{9F8BE9E6-0E89-4392-85C4-D564AD744DB5}"
EndProject
Project("{FAE04EC0-301F-11D3-BF4B-00C04F79EFBC}") = "Nexora.Api", "src\Nexora.Api\Nexora.Api.csproj", "{27A22405-537D-4924-8DB1-6E4F702CED2E}"
EndProject
Project("{FAE04EC0-301F-11D3-BF4B-00C04F79EFBC}") = "Nexora.Application", "src\Nexora.Application\Nexora.Application.csproj", "{BDB80A90-5CAB-475A-B87A-1DB9EF8EB83F}"
EndProject
Project("{FAE04EC0-301F-11D3-BF4B-00C04F79EFBC}") = "Nexora.Contracts", "src\Nexora.Contracts\Nexora.Contracts.csproj", "{EA375751-FA95-4B4A-8021-389658B98971}"
EndProject
Project("{FAE04EC0-301F-11D3-BF4B-00C04F79EFBC}") = "Nexora.Domain", "src\Nexora.Domain\Nexora.Domain.csproj", "{816D2E52-D1C2-4F20-89D4-043B1B2BFECA}"
EndProject
Project("{FAE04EC0-301F-11D3-BF4B-00C04F79EFBC}") = "Nexora.Infrastructure", "src\Nexora.Infrastructure\Nexora.Infrastructure.csproj", "{7BF7D717-7237-4C31-BD75-47E05CCC2367}"
EndProject
Project("{FAE04EC0-301F-11D3-BF4B-00C04F79EFBC}") = "Nexora.Worker", "src\Nexora.Worker\Nexora.Worker.csproj", "{79236102-1BBF-4669-94B8-54C6EBD49AB3}"
EndProject
Project("{2150E333-8FDC-42A3-9474-1A3956D46DE8}") = "tests", "tests", "{0AB3BF05-4346-4AA6-1389-037BE0695223}"
EndProject
Project("{FAE04EC0-301F-11D3-BF4B-00C04F79EFBC}") = "Nexora.Agent.EvaluationTests", "tests\Nexora.Agent.EvaluationTests\Nexora.Agent.EvaluationTests.csproj", "{7B42E31C-18D2-4B4A-970E-301F13018AE7}"
EndProject
Project("{FAE04EC0-301F-11D3-BF4B-00C04F79EFBC}") = "Nexora.Agent.Tests", "tests\Nexora.Agent.Tests\Nexora.Agent.Tests.csproj", "{1C7548B0-BFD4-4CAB-A758-6C76C9AC8FD4}"
EndProject
Project("{FAE04EC0-301F-11D3-BF4B-00C04F79EFBC}") = "Nexora.Application.Tests", "tests\Nexora.Application.Tests\Nexora.Application.Tests.csproj", "{CFC947B9-1E79-414C-AA7B-8DB71CB18BC9}"
EndProject
Project("{FAE04EC0-301F-11D3-BF4B-00C04F79EFBC}") = "Nexora.Domain.Tests", "tests\Nexora.Domain.Tests\Nexora.Domain.Tests.csproj", "{65521082-1DC1-4BB1-BC6F-E15E286D7547}"
EndProject
Project("{FAE04EC0-301F-11D3-BF4B-00C04F79EFBC}") = "Nexora.IntegrationTests", "tests\Nexora.IntegrationTests\Nexora.IntegrationTests.csproj", "{7F8C11EB-57D4-4609-BCA0-626AEA58F038}"
EndProject
Project("{FAE04EC0-301F-11D3-BF4B-00C04F79EFBC}") = "Nexora.Web", "src\Nexora.Web\Nexora.Web.csproj", "{F1C54E81-4606-428E-9BF0-8976CC5F98BA}"
EndProject
Global
	GlobalSection(SolutionConfigurationPlatforms) = preSolution
		Debug|Any CPU = Debug|Any CPU
		Debug|x64 = Debug|x64
		Debug|x86 = Debug|x86
		Release|Any CPU = Release|Any CPU
		Release|x64 = Release|x64
		Release|x86 = Release|x86
	EndGlobalSection
	GlobalSection(ProjectConfigurationPlatforms) = postSolution
		{9F8BE9E6-0E89-4392-85C4-D564AD744DB5}.Debug|Any CPU.ActiveCfg = Debug|Any CPU
		{9F8BE9E6-0E89-4392-85C4-D564AD744DB5}.Debug|Any CPU.Build.0 = Debug|Any CPU
		{9F8BE9E6-0E89-4392-85C4-D564AD744DB5}.Debug|x64.ActiveCfg = Debug|Any CPU
		{9F8BE9E6-0E89-4392-85C4-D564AD744DB5}.Debug|x64.Build.0 = Debug|Any CPU
		{9F8BE9E6-0E89-4392-85C4-D564AD744DB5}.Debug|x86.ActiveCfg = Debug|Any CPU
		{9F8BE9E6-0E89-4392-85C4-D564AD744DB5}.Debug|x86.Build.0 = Debug|Any CPU
		{9F8BE9E6-0E89-4392-85C4-D564AD744DB5}.Release|Any CPU.ActiveCfg = Release|Any CPU
		{9F8BE9E6-0E89-4392-85C4-D564AD744DB5}.Release|Any CPU.Build.0 = Release|Any CPU
		{9F8BE9E6-0E89-4392-85C4-D564AD744DB5}.Release|x64.ActiveCfg = Release|Any CPU
		{9F8BE9E6-0E89-4392-85C4-D564AD744DB5}.Release|x64.Build.0 = Release|Any CPU
		{9F8BE9E6-0E89-4392-85C4-D564AD744DB5}.Release|x86.ActiveCfg = Release|Any CPU
		{9F8BE9E6-0E89-4392-85C4-D564AD744DB5}.Release|x86.Build.0 = Release|Any CPU
		{27A22405-537D-4924-8DB1-6E4F702CED2E}.Debug|Any CPU.ActiveCfg = Debug|Any CPU
		{27A22405-537D-4924-8DB1-6E4F702CED2E}.Debug|Any CPU.Build.0 = Debug|Any CPU
		{27A22405-537D-4924-8DB1-6E4F702CED2E}.Debug|x64.ActiveCfg = Debug|Any CPU
		{27A22405-537D-4924-8DB1-6E4F702CED2E}.Debug|x64.Build.0 = Debug|Any CPU
		{27A22405-537D-4924-8DB1-6E4F702CED2E}.Debug|x86.ActiveCfg = Debug|Any CPU
		{27A22405-537D-4924-8DB1-6E4F702CED2E}.Debug|x86.Build.0 = Debug|Any CPU
		{27A22405-537D-4924-8DB1-6E4F702CED2E}.Release|Any CPU.ActiveCfg = Release|Any CPU
		{27A22405-537D-4924-8DB1-6E4F702CED2E}.Release|Any CPU.Build.0 = Release|Any CPU
		{27A22405-537D-4924-8DB1-6E4F702CED2E}.Release|x64.ActiveCfg = Release|Any CPU
		{27A22405-537D-4924-8DB1-6E4F702CED2E}.Release|x64.Build.0 = Release|Any CPU
		{27A22405-537D-4924-8DB1-6E4F702CED2E}.Release|x86.ActiveCfg = Release|Any CPU
		{27A22405-537D-4924-8DB1-6E4F702CED2E}.Release|x86.Build.0 = Release|Any CPU
		{BDB80A90-5CAB-475A-B87A-1DB9EF8EB83F}.Debug|Any CPU.ActiveCfg = Debug|Any CPU
		{BDB80A90-5CAB-475A-B87A-1DB9EF8EB83F}.Debug|Any CPU.Build.0 = Debug|Any CPU
		{BDB80A90-5CAB-475A-B87A-1DB9EF8EB83F}.Debug|x64.ActiveCfg = Debug|Any CPU
		{BDB80A90-5CAB-475A-B87A-1DB9EF8EB83F}.Debug|x64.Build.0 = Debug|Any CPU
		{BDB80A90-5CAB-475A-B87A-1DB9EF8EB83F}.Debug|x86.ActiveCfg = Debug|Any CPU
		{BDB80A90-5CAB-475A-B87A-1DB9EF8EB83F}.Debug|x86.Build.0 = Debug|Any CPU
		{BDB80A90-5CAB-475A-B87A-1DB9EF8EB83F}.Release|Any CPU.ActiveCfg = Release|Any CPU
		{BDB80A90-5CAB-475A-B87A-1DB9EF8EB83F}.Release|Any CPU.Build.0 = Release|Any CPU
		{BDB80A90-5CAB-475A-B87A-1DB9EF8EB83F}.Release|x64.ActiveCfg = Release|Any CPU
		{BDB80A90-5CAB-475A-B87A-1DB9EF8EB83F}.Release|x64.Build.0 = Release|Any CPU
		{BDB80A90-5CAB-475A-B87A-1DB9EF8EB83F}.Release|x86.ActiveCfg = Release|Any CPU
		{BDB80A90-5CAB-475A-B87A-1DB9EF8EB83F}.Release|x86.Build.0 = Release|Any CPU
		{EA375751-FA95-4B4A-8021-389658B98971}.Debug|Any CPU.ActiveCfg = Debug|Any CPU
		{EA375751-FA95-4B4A-8021-389658B98971}.Debug|Any CPU.Build.0 = Debug|Any CPU
		{EA375751-FA95-4B4A-8021-389658B98971}.Debug|x64.ActiveCfg = Debug|Any CPU
		{EA375751-FA95-4B4A-8021-389658B98971}.Debug|x64.Build.0 = Debug|Any CPU
		{EA375751-FA95-4B4A-8021-389658B98971}.Debug|x86.ActiveCfg = Debug|Any CPU
		{EA375751-FA95-4B4A-8021-389658B98971}.Debug|x86.Build.0 = Debug|Any CPU
		{EA375751-FA95-4B4A-8021-389658B98971}.Release|Any CPU.ActiveCfg = Release|Any CPU
		{EA375751-FA95-4B4A-8021-389658B98971}.Release|Any CPU.Build.0 = Release|Any CPU
		{EA375751-FA95-4B4A-8021-389658B98971}.Release|x64.ActiveCfg = Release|Any CPU
		{EA375751-FA95-4B4A-8021-389658B98971}.Release|x64.Build.0 = Release|Any CPU
		{EA375751-FA95-4B4A-8021-389658B98971}.Release|x86.ActiveCfg = Release|Any CPU
		{EA375751-FA95-4B4A-8021-389658B98971}.Release|x86.Build.0 = Release|Any CPU
		{816D2E52-D1C2-4F20-89D4-043B1B2BFECA}.Debug|Any CPU.ActiveCfg = Debug|Any CPU
		{816D2E52-D1C2-4F20-89D4-043B1B2BFECA}.Debug|Any CPU.Build.0 = Debug|Any CPU
		{816D2E52-D1C2-4F20-89D4-043B1B2BFECA}.Debug|x64.ActiveCfg = Debug|Any CPU
		{816D2E52-D1C2-4F20-89D4-043B1B2BFECA}.Debug|x64.Build.0 = Debug|Any CPU
		{816D2E52-D1C2-4F20-89D4-043B1B2BFECA}.Debug|x86.ActiveCfg = Debug|Any CPU
		{816D2E52-D1C2-4F20-89D4-043B1B2BFECA}.Debug|x86.Build.0 = Debug|Any CPU
		{816D2E52-D1C2-4F20-89D4-043B1B2BFECA}.Release|Any CPU.ActiveCfg = Release|Any CPU
		{816D2E52-D1C2-4F20-89D4-043B1B2BFECA}.Release|Any CPU.Build.0 = Release|Any CPU
		{816D2E52-D1C2-4F20-89D4-043B1B2BFECA}.Release|x64.ActiveCfg = Release|Any CPU
		{816D2E52-D1C2-4F20-89D4-043B1B2BFECA}.Release|x64.Build.0 = Release|Any CPU
		{816D2E52-D1C2-4F20-89D4-043B1B2BFECA}.Release|x86.ActiveCfg = Release|Any CPU
		{816D2E52-D1C2-4F20-89D4-043B1B2BFECA}.Release|x86.Build.0 = Release|Any CPU
		{7BF7D717-7237-4C31-BD75-47E05CCC2367}.Debug|Any CPU.ActiveCfg = Debug|Any CPU
		{7BF7D717-7237-4C31-BD75-47E05CCC2367}.Debug|Any CPU.Build.0 = Debug|Any CPU
		{7BF7D717-7237-4C31-BD75-47E05CCC2367}.Debug|x64.ActiveCfg = Debug|Any CPU
		{7BF7D717-7237-4C31-BD75-47E05CCC2367}.Debug|x64.Build.0 = Debug|Any CPU
		{7BF7D717-7237-4C31-BD75-47E05CCC2367}.Debug|x86.ActiveCfg = Debug|Any CPU
		{7BF7D717-7237-4C31-BD75-47E05CCC2367}.Debug|x86.Build.0 = Debug|Any CPU
		{7BF7D717-7237-4C31-BD75-47E05CCC2367}.Release|Any CPU.ActiveCfg = Release|Any CPU
		{7BF7D717-7237-4C31-BD75-47E05CCC2367}.Release|Any CPU.Build.0 = Release|Any CPU
		{7BF7D717-7237-4C31-BD75-47E05CCC2367}.Release|x64.ActiveCfg = Release|Any CPU
		{7BF7D717-7237-4C31-BD75-47E05CCC2367}.Release|x64.Build.0 = Release|Any CPU
		{7BF7D717-7237-4C31-BD75-47E05CCC2367}.Release|x86.ActiveCfg = Release|Any CPU
		{7BF7D717-7237-4C31-BD75-47E05CCC2367}.Release|x86.Build.0 = Release|Any CPU
		{79236102-1BBF-4669-94B8-54C6EBD49AB3}.Debug|Any CPU.ActiveCfg = Debug|Any CPU
		{79236102-1BBF-4669-94B8-54C6EBD49AB3}.Debug|Any CPU.Build.0 = Debug|Any CPU
		{79236102-1BBF-4669-94B8-54C6EBD49AB3}.Debug|x64.ActiveCfg = Debug|Any CPU
		{79236102-1BBF-4669-94B8-54C6EBD49AB3}.Debug|x64.Build.0 = Debug|Any CPU
		{79236102-1BBF-4669-94B8-54C6EBD49AB3}.Debug|x86.ActiveCfg = Debug|Any CPU
		{79236102-1BBF-4669-94B8-54C6EBD49AB3}.Debug|x86.Build.0 = Debug|Any CPU
		{79236102-1BBF-4669-94B8-54C6EBD49AB3}.Release|Any CPU.ActiveCfg = Release|Any CPU
		{79236102-1BBF-4669-94B8-54C6EBD49AB3}.Release|Any CPU.Build.0 = Release|Any CPU
		{79236102-1BBF-4669-94B8-54C6EBD49AB3}.Release|x64.ActiveCfg = Release|Any CPU
		{79236102-1BBF-4669-94B8-54C6EBD49AB3}.Release|x64.Build.0 = Release|Any CPU
		{79236102-1BBF-4669-94B8-54C6EBD49AB3}.Release|x86.ActiveCfg = Release|Any CPU
		{79236102-1BBF-4669-94B8-54C6EBD49AB3}.Release|x86.Build.0 = Release|Any CPU
		{7B42E31C-18D2-4B4A-970E-301F13018AE7}.Debug|Any CPU.ActiveCfg = Debug|Any CPU
		{7B42E31C-18D2-4B4A-970E-301F13018AE7}.Debug|Any CPU.Build.0 = Debug|Any CPU
		{7B42E31C-18D2-4B4A-970E-301F13018AE7}.Debug|x64.ActiveCfg = Debug|Any CPU
		{7B42E31C-18D2-4B4A-970E-301F13018AE7}.Debug|x64.Build.0 = Debug|Any CPU
		{7B42E31C-18D2-4B4A-970E-301F13018AE7}.Debug|x86.ActiveCfg = Debug|Any CPU
		{7B42E31C-18D2-4B4A-970E-301F13018AE7}.Debug|x86.Build.0 = Debug|Any CPU
		{7B42E31C-18D2-4B4A-970E-301F13018AE7}.Release|Any CPU.ActiveCfg = Release|Any CPU
		{7B42E31C-18D2-4B4A-970E-301F13018AE7}.Release|Any CPU.Build.0 = Release|Any CPU
		{7B42E31C-18D2-4B4A-970E-301F13018AE7}.Release|x64.ActiveCfg = Release|Any CPU
		{7B42E31C-18D2-4B4A-970E-301F13018AE7}.Release|x64.Build.0 = Release|Any CPU
		{7B42E31C-18D2-4B4A-970E-301F13018AE7}.Release|x86.ActiveCfg = Release|Any CPU
		{7B42E31C-18D2-4B4A-970E-301F13018AE7}.Release|x86.Build.0 = Release|Any CPU
		{1C7548B0-BFD4-4CAB-A758-6C76C9AC8FD4}.Debug|Any CPU.ActiveCfg = Debug|Any CPU
		{1C7548B0-BFD4-4CAB-A758-6C76C9AC8FD4}.Debug|Any CPU.Build.0 = Debug|Any CPU
		{1C7548B0-BFD4-4CAB-A758-6C76C9AC8FD4}.Debug|x64.ActiveCfg = Debug|Any CPU
		{1C7548B0-BFD4-4CAB-A758-6C76C9AC8FD4}.Debug|x64.Build.0 = Debug|Any CPU
		{1C7548B0-BFD4-4CAB-A758-6C76C9AC8FD4}.Debug|x86.ActiveCfg = Debug|Any CPU
		{1C7548B0-BFD4-4CAB-A758-6C76C9AC8FD4}.Debug|x86.Build.0 = Debug|Any CPU
		{1C7548B0-BFD4-4CAB-A758-6C76C9AC8FD4}.Release|Any CPU.ActiveCfg = Release|Any CPU
		{1C7548B0-BFD4-4CAB-A758-6C76C9AC8FD4}.Release|Any CPU.Build.0 = Release|Any CPU
		{1C7548B0-BFD4-4CAB-A758-6C76C9AC8FD4}.Release|x64.ActiveCfg = Release|Any CPU
		{1C7548B0-BFD4-4CAB-A758-6C76C9AC8FD4}.Release|x64.Build.0 = Release|Any CPU
		{1C7548B0-BFD4-4CAB-A758-6C76C9AC8FD4}.Release|x86.ActiveCfg = Release|Any CPU
		{1C7548B0-BFD4-4CAB-A758-6C76C9AC8FD4}.Release|x86.Build.0 = Release|Any CPU
		{CFC947B9-1E79-414C-AA7B-8DB71CB18BC9}.Debug|Any CPU.ActiveCfg = Debug|Any CPU
		{CFC947B9-1E79-414C-AA7B-8DB71CB18BC9}.Debug|Any CPU.Build.0 = Debug|Any CPU
		{CFC947B9-1E79-414C-AA7B-8DB71CB18BC9}.Debug|x64.ActiveCfg = Debug|Any CPU
		{CFC947B9-1E79-414C-AA7B-8DB71CB18BC9}.Debug|x64.Build.0 = Debug|Any CPU
		{CFC947B9-1E79-414C-AA7B-8DB71CB18BC9}.Debug|x86.ActiveCfg = Debug|Any CPU
		{CFC947B9-1E79-414C-AA7B-8DB71CB18BC9}.Debug|x86.Build.0 = Debug|Any CPU
		{CFC947B9-1E79-414C-AA7B-8DB71CB18BC9}.Release|Any CPU.ActiveCfg = Release|Any CPU
		{CFC947B9-1E79-414C-AA7B-8DB71CB18BC9}.Release|Any CPU.Build.0 = Release|Any CPU
		{CFC947B9-1E79-414C-AA7B-8DB71CB18BC9}.Release|x64.ActiveCfg = Release|Any CPU
		{CFC947B9-1E79-414C-AA7B-8DB71CB18BC9}.Release|x64.Build.0 = Release|Any CPU
		{CFC947B9-1E79-414C-AA7B-8DB71CB18BC9}.Release|x86.ActiveCfg = Release|Any CPU
		{CFC947B9-1E79-414C-AA7B-8DB71CB18BC9}.Release|x86.Build.0 = Release|Any CPU
		{65521082-1DC1-4BB1-BC6F-E15E286D7547}.Debug|Any CPU.ActiveCfg = Debug|Any CPU
		{65521082-1DC1-4BB1-BC6F-E15E286D7547}.Debug|Any CPU.Build.0 = Debug|Any CPU
		{65521082-1DC1-4BB1-BC6F-E15E286D7547}.Debug|x64.ActiveCfg = Debug|Any CPU
		{65521082-1DC1-4BB1-BC6F-E15E286D7547}.Debug|x64.Build.0 = Debug|Any CPU
		{65521082-1DC1-4BB1-BC6F-E15E286D7547}.Debug|x86.ActiveCfg = Debug|Any CPU
		{65521082-1DC1-4BB1-BC6F-E15E286D7547}.Debug|x86.Build.0 = Debug|Any CPU
		{65521082-1DC1-4BB1-BC6F-E15E286D7547}.Release|Any CPU.ActiveCfg = Release|Any CPU
		{65521082-1DC1-4BB1-BC6F-E15E286D7547}.Release|Any CPU.Build.0 = Release|Any CPU
		{65521082-1DC1-4BB1-BC6F-E15E286D7547}.Release|x64.ActiveCfg = Release|Any CPU
		{65521082-1DC1-4BB1-BC6F-E15E286D7547}.Release|x64.Build.0 = Release|Any CPU
		{65521082-1DC1-4BB1-BC6F-E15E286D7547}.Release|x86.ActiveCfg = Release|Any CPU
		{65521082-1DC1-4BB1-BC6F-E15E286D7547}.Release|x86.Build.0 = Release|Any CPU
		{7F8C11EB-57D4-4609-BCA0-626AEA58F038}.Debug|Any CPU.ActiveCfg = Debug|Any CPU
		{7F8C11EB-57D4-4609-BCA0-626AEA58F038}.Debug|Any CPU.Build.0 = Debug|Any CPU
		{7F8C11EB-57D4-4609-BCA0-626AEA58F038}.Debug|x64.ActiveCfg = Debug|Any CPU
		{7F8C11EB-57D4-4609-BCA0-626AEA58F038}.Debug|x64.Build.0 = Debug|Any CPU
		{7F8C11EB-57D4-4609-BCA0-626AEA58F038}.Debug|x86.ActiveCfg = Debug|Any CPU
		{7F8C11EB-57D4-4609-BCA0-626AEA58F038}.Debug|x86.Build.0 = Debug|Any CPU
		{7F8C11EB-57D4-4609-BCA0-626AEA58F038}.Release|Any CPU.ActiveCfg = Release|Any CPU
		{7F8C11EB-57D4-4609-BCA0-626AEA58F038}.Release|Any CPU.Build.0 = Release|Any CPU
		{7F8C11EB-57D4-4609-BCA0-626AEA58F038}.Release|x64.ActiveCfg = Release|Any CPU
		{7F8C11EB-57D4-4609-BCA0-626AEA58F038}.Release|x64.Build.0 = Release|Any CPU
		{7F8C11EB-57D4-4609-BCA0-626AEA58F038}.Release|x86.ActiveCfg = Release|Any CPU
		{7F8C11EB-57D4-4609-BCA0-626AEA58F038}.Release|x86.Build.0 = Release|Any CPU
		{F1C54E81-4606-428E-9BF0-8976CC5F98BA}.Debug|Any CPU.ActiveCfg = Debug|Any CPU
		{F1C54E81-4606-428E-9BF0-8976CC5F98BA}.Debug|Any CPU.Build.0 = Debug|Any CPU
		{F1C54E81-4606-428E-9BF0-8976CC5F98BA}.Debug|x64.ActiveCfg = Debug|Any CPU
		{F1C54E81-4606-428E-9BF0-8976CC5F98BA}.Debug|x64.Build.0 = Debug|Any CPU
		{F1C54E81-4606-428E-9BF0-8976CC5F98BA}.Debug|x86.ActiveCfg = Debug|Any CPU
		{F1C54E81-4606-428E-9BF0-8976CC5F98BA}.Debug|x86.Build.0 = Debug|Any CPU
		{F1C54E81-4606-428E-9BF0-8976CC5F98BA}.Release|Any CPU.ActiveCfg = Release|Any CPU
		{F1C54E81-4606-428E-9BF0-8976CC5F98BA}.Release|Any CPU.Build.0 = Release|Any CPU
		{F1C54E81-4606-428E-9BF0-8976CC5F98BA}.Release|x64.ActiveCfg = Release|Any CPU
		{F1C54E81-4606-428E-9BF0-8976CC5F98BA}.Release|x64.Build.0 = Release|Any CPU
		{F1C54E81-4606-428E-9BF0-8976CC5F98BA}.Release|x86.ActiveCfg = Release|Any CPU
		{F1C54E81-4606-428E-9BF0-8976CC5F98BA}.Release|x86.Build.0 = Release|Any CPU
	EndGlobalSection
	GlobalSection(SolutionProperties) = preSolution
		HideSolutionNode = FALSE
	EndGlobalSection
	GlobalSection(NestedProjects) = preSolution
		{9F8BE9E6-0E89-4392-85C4-D564AD744DB5} = {827E0CD3-B72D-47B6-A68D-7590B98EB39B}
		{27A22405-537D-4924-8DB1-6E4F702CED2E} = {827E0CD3-B72D-47B6-A68D-7590B98EB39B}
		{BDB80A90-5CAB-475A-B87A-1DB9EF8EB83F} = {827E0CD3-B72D-47B6-A68D-7590B98EB39B}
		{EA375751-FA95-4B4A-8021-389658B98971} = {827E0CD3-B72D-47B6-A68D-7590B98EB39B}
		{816D2E52-D1C2-4F20-89D4-043B1B2BFECA} = {827E0CD3-B72D-47B6-A68D-7590B98EB39B}
		{7BF7D717-7237-4C31-BD75-47E05CCC2367} = {827E0CD3-B72D-47B6-A68D-7590B98EB39B}
		{79236102-1BBF-4669-94B8-54C6EBD49AB3} = {827E0CD3-B72D-47B6-A68D-7590B98EB39B}
		{7B42E31C-18D2-4B4A-970E-301F13018AE7} = {0AB3BF05-4346-4AA6-1389-037BE0695223}
		{1C7548B0-BFD4-4CAB-A758-6C76C9AC8FD4} = {0AB3BF05-4346-4AA6-1389-037BE0695223}
		{CFC947B9-1E79-414C-AA7B-8DB71CB18BC9} = {0AB3BF05-4346-4AA6-1389-037BE0695223}
		{65521082-1DC1-4BB1-BC6F-E15E286D7547} = {0AB3BF05-4346-4AA6-1389-037BE0695223}
		{7F8C11EB-57D4-4609-BCA0-626AEA58F038} = {0AB3BF05-4346-4AA6-1389-037BE0695223}
		{F1C54E81-4606-428E-9BF0-8976CC5F98BA} = {827E0CD3-B72D-47B6-A68D-7590B98EB39B}
	EndGlobalSection
EndGlobal
